// !$*UTF8*$!
{
	archiveVersion = 1;
	classes = {
	};
	objectVersion = 50;
	objects = {

/* Begin PBXBuildFile section */
		1E1E5F0922069F5B005627F9 /* Human.swift in Sources */ = {isa = PBXBuildFile; fileRef = 1E1E5F0822069F5B005627F9 /* Human.swift */; };
		1E1E5F0C2206A7E4005627F9 /* Organization.swift in Sources */ = {isa = PBXBuildFile; fileRef = 1E1E5F0B2206A7E4005627F9 /* Organization.swift */; };
		1E4A542F22060FF000E4EEEF /* SectionHeaderBasicalTableCell.swift in Sources */ = {isa = PBXBuildFile; fileRef = 1E4A542D22060FF000E4EEEF /* SectionHeaderBasicalTableCell.swift */; };
		1E4A543022060FF000E4EEEF /* SectionHeaderBasicalTableCell.xib in Resources */ = {isa = PBXBuildFile; fileRef = 1E4A542E22060FF000E4EEEF /* SectionHeaderBasicalTableCell.xib */; };
		1E4A54342206133600E4EEEF /* ChannelDetailSNSLinkTableViewCell.swift in Sources */ = {isa = PBXBuildFile; fileRef = 1E4A54322206133600E4EEEF /* ChannelDetailSNSLinkTableViewCell.swift */; };
		1E4A54352206133600E4EEEF /* ChannelDetailSNSLinkTableViewCell.xib in Resources */ = {isa = PBXBuildFile; fileRef = 1E4A54332206133600E4EEEF /* ChannelDetailSNSLinkTableViewCell.xib */; };
		1E57E03621FB7BF7003AD898 /* AnimeChannelCollectionViewCell.swift in Sources */ = {isa = PBXBuildFile; fileRef = 1E57E03421FB7BF7003AD898 /* AnimeChannelCollectionViewCell.swift */; };
		1E57E03721FB7BF7003AD898 /* AnimeChannelCollectionViewCell.xib in Resources */ = {isa = PBXBuildFile; fileRef = 1E57E03521FB7BF7003AD898 /* AnimeChannelCollectionViewCell.xib */; };
		1E57E08521FB84DD003AD898 /* UIScrollView+Utility.swift in Sources */ = {isa = PBXBuildFile; fileRef = 1E57E03A21FB84DD003AD898 /* UIScrollView+Utility.swift */; };
		1E57E08621FB84DD003AD898 /* UIScreen+Utility.swift in Sources */ = {isa = PBXBuildFile; fileRef = 1E57E03C21FB84DD003AD898 /* UIScreen+Utility.swift */; };
		1E57E08721FB84DD003AD898 /* UIColor+Utility.swift in Sources */ = {isa = PBXBuildFile; fileRef = 1E57E03F21FB84DD003AD898 /* UIColor+Utility.swift */; };
		1E57E08821FB84DD003AD898 /* ScopeMethod.swift in Sources */ = {isa = PBXBuildFile; fileRef = 1E57E04221FB84DD003AD898 /* ScopeMethod.swift */; };
		1E57E08921FB84DD003AD898 /* NSObject+.swift in Sources */ = {isa = PBXBuildFile; fileRef = 1E57E04321FB84DD003AD898 /* NSObject+.swift */; };
		1E57E08A21FB84DD003AD898 /* Array+.swift in Sources */ = {isa = PBXBuildFile; fileRef = 1E57E04421FB84DD003AD898 /* Array+.swift */; };
		1E57E08B21FB84DD003AD898 /* UIView+.swift in Sources */ = {isa = PBXBuildFile; fileRef = 1E57E04521FB84DD003AD898 /* UIView+.swift */; };
		1E57E08C21FB84DD003AD898 /* String+.swift in Sources */ = {isa = PBXBuildFile; fileRef = 1E57E04621FB84DD003AD898 /* String+.swift */; };
		1E57E08D21FB84DD003AD898 /* StoryboardInstantiatable.swift in Sources */ = {isa = PBXBuildFile; fileRef = 1E57E04721FB84DD003AD898 /* StoryboardInstantiatable.swift */; };
		1E57E08E21FB84DD003AD898 /* TargetedExtension.swift in Sources */ = {isa = PBXBuildFile; fileRef = 1E57E04821FB84DD003AD898 /* TargetedExtension.swift */; };
		1E57E08F21FB84DD003AD898 /* URL+.swift in Sources */ = {isa = PBXBuildFile; fileRef = 1E57E04921FB84DD003AD898 /* URL+.swift */; };
		1E57E09021FB84DD003AD898 /* Dictionary+.swift in Sources */ = {isa = PBXBuildFile; fileRef = 1E57E04A21FB84DD003AD898 /* Dictionary+.swift */; };
		1E57E09121FB84DD003AD898 /* StringTo.swift in Sources */ = {isa = PBXBuildFile; fileRef = 1E57E04B21FB84DD003AD898 /* StringTo.swift */; };
		1E57E09221FB84DD003AD898 /* UICollectionView+.swift in Sources */ = {isa = PBXBuildFile; fileRef = 1E57E04C21FB84DD003AD898 /* UICollectionView+.swift */; };
		1E57E09321FB84DD003AD898 /* Safe.swift in Sources */ = {isa = PBXBuildFile; fileRef = 1E57E04D21FB84DD003AD898 /* Safe.swift */; };
		1E57E09421FB84DD003AD898 /* UIImage+.swift in Sources */ = {isa = PBXBuildFile; fileRef = 1E57E04E21FB84DD003AD898 /* UIImage+.swift */; };
		1E57E09521FB84DD003AD898 /* UITableView+.swift in Sources */ = {isa = PBXBuildFile; fileRef = 1E57E04F21FB84DD003AD898 /* UITableView+.swift */; };
		1E57E09621FB84DD003AD898 /* NibInstantiatable.swift in Sources */ = {isa = PBXBuildFile; fileRef = 1E57E05021FB84DD003AD898 /* NibInstantiatable.swift */; };
		1E57E09721FB84DD003AD898 /* UIApplication+.swift in Sources */ = {isa = PBXBuildFile; fileRef = 1E57E05121FB84DD003AD898 /* UIApplication+.swift */; };
		1E57E09821FB84DE003AD898 /* Operator+.swift in Sources */ = {isa = PBXBuildFile; fileRef = 1E57E05221FB84DD003AD898 /* Operator+.swift */; };
		1E57E09921FB84DE003AD898 /* UIColor+.swift in Sources */ = {isa = PBXBuildFile; fileRef = 1E57E05321FB84DD003AD898 /* UIColor+.swift */; };
		1E57E09A21FB84DE003AD898 /* UIView+Autolayout.swift in Sources */ = {isa = PBXBuildFile; fileRef = 1E57E05521FB84DD003AD898 /* UIView+Autolayout.swift */; };
		1E57E09B21FB84DE003AD898 /* UIVIew+Frame.swift in Sources */ = {isa = PBXBuildFile; fileRef = 1E57E05621FB84DD003AD898 /* UIVIew+Frame.swift */; };
		1E57E09C21FB84DE003AD898 /* UIView+Corner.swift in Sources */ = {isa = PBXBuildFile; fileRef = 1E57E05721FB84DD003AD898 /* UIView+Corner.swift */; };
		1E57E09D21FB84DE003AD898 /* UIView+Border.swift in Sources */ = {isa = PBXBuildFile; fileRef = 1E57E05821FB84DD003AD898 /* UIView+Border.swift */; };
		1E57E09E21FB84DE003AD898 /* UIView+Fade.swift in Sources */ = {isa = PBXBuildFile; fileRef = 1E57E05921FB84DD003AD898 /* UIView+Fade.swift */; };
		1E57E09F21FB84DE003AD898 /* UIView+Gesture.swift in Sources */ = {isa = PBXBuildFile; fileRef = 1E57E05A21FB84DD003AD898 /* UIView+Gesture.swift */; };
		1E57E0A021FB84DE003AD898 /* UIView+Form.swift in Sources */ = {isa = PBXBuildFile; fileRef = 1E57E05B21FB84DD003AD898 /* UIView+Form.swift */; };
		1E57E0A221FB84DE003AD898 /* Array+Utility.swift in Sources */ = {isa = PBXBuildFile; fileRef = 1E57E05E21FB84DD003AD898 /* Array+Utility.swift */; };
		1E57E0A321FB84DE003AD898 /* Array+Safe.swift in Sources */ = {isa = PBXBuildFile; fileRef = 1E57E05F21FB84DD003AD898 /* Array+Safe.swift */; };
		1E57E0A421FB84DE003AD898 /* UIStoryboard+Utility.swift in Sources */ = {isa = PBXBuildFile; fileRef = 1E57E06121FB84DD003AD898 /* UIStoryboard+Utility.swift */; };
		1E57E0A521FB84DE003AD898 /* CastExtension.swift in Sources */ = {isa = PBXBuildFile; fileRef = 1E57E06321FB84DD003AD898 /* CastExtension.swift */; };
		1E57E0A621FB84DE003AD898 /* CGSize+Utility.swift in Sources */ = {isa = PBXBuildFile; fileRef = 1E57E06521FB84DD003AD898 /* CGSize+Utility.swift */; };
		1E57E0A721FB84DE003AD898 /* Date+Utility.swift in Sources */ = {isa = PBXBuildFile; fileRef = 1E57E06721FB84DD003AD898 /* Date+Utility.swift */; };
		1E57E0A821FB84DE003AD898 /* UICollectionView+Highlight.swift in Sources */ = {isa = PBXBuildFile; fileRef = 1E57E06921FB84DD003AD898 /* UICollectionView+Highlight.swift */; };
		1E57E0AA21FB84DE003AD898 /* Optional+Utility.swift in Sources */ = {isa = PBXBuildFile; fileRef = 1E57E06D21FB84DD003AD898 /* Optional+Utility.swift */; };
		1E57E0AB21FB84DE003AD898 /* Int+Utility.swift in Sources */ = {isa = PBXBuildFile; fileRef = 1E57E06F21FB84DD003AD898 /* Int+Utility.swift */; };
		1E57E0AD21FB84DE003AD898 /* UIViewController+Shadow.swift in Sources */ = {isa = PBXBuildFile; fileRef = 1E57E07221FB84DD003AD898 /* UIViewController+Shadow.swift */; };
		1E57E0AE21FB84DE003AD898 /* UIViewController+Alert.swift in Sources */ = {isa = PBXBuildFile; fileRef = 1E57E07321FB84DD003AD898 /* UIViewController+Alert.swift */; };
		1E57E0B021FB84DE003AD898 /* UIViewController+Utility.swift in Sources */ = {isa = PBXBuildFile; fileRef = 1E57E07521FB84DD003AD898 /* UIViewController+Utility.swift */; };
		1E57E0B121FB84DE003AD898 /* UINavigationController+Utils.swift in Sources */ = {isa = PBXBuildFile; fileRef = 1E57E07721FB84DD003AD898 /* UINavigationController+Utils.swift */; };
		1E57E0B221FB84DE003AD898 /* UINavigationController+Color.swift in Sources */ = {isa = PBXBuildFile; fileRef = 1E57E07821FB84DD003AD898 /* UINavigationController+Color.swift */; };
		1E57E0B321FB84DE003AD898 /* UITableView+Utility.swift in Sources */ = {isa = PBXBuildFile; fileRef = 1E57E07A21FB84DD003AD898 /* UITableView+Utility.swift */; };
		1E57E0B421FB84DE003AD898 /* UIControl+Action.swift in Sources */ = {isa = PBXBuildFile; fileRef = 1E57E07C21FB84DD003AD898 /* UIControl+Action.swift */; };
		1E57E0B521FB84DE003AD898 /* Dictionary+Utility.swift in Sources */ = {isa = PBXBuildFile; fileRef = 1E57E07E21FB84DD003AD898 /* Dictionary+Utility.swift */; };
		1E57E0B621FB84DE003AD898 /* String+Utility.swift in Sources */ = {isa = PBXBuildFile; fileRef = 1E57E08021FB84DD003AD898 /* String+Utility.swift */; };
		1E57E0B721FB84DE003AD898 /* NSObject+Utility.swift in Sources */ = {isa = PBXBuildFile; fileRef = 1E57E08221FB84DD003AD898 /* NSObject+Utility.swift */; };
		1E57E0B821FB84DE003AD898 /* UIStoryboardSegue+Utility.swift in Sources */ = {isa = PBXBuildFile; fileRef = 1E57E08421FB84DD003AD898 /* UIStoryboardSegue+Utility.swift */; };
		1E57E0BB21FB8C26003AD898 /* ClosureTypealias.swift in Sources */ = {isa = PBXBuildFile; fileRef = 1E57E0BA21FB8C26003AD898 /* ClosureTypealias.swift */; };
		1E57E0BE21FC0232003AD898 /* MyChannelViewController.swift in Sources */ = {isa = PBXBuildFile; fileRef = 1E57E0BD21FC0232003AD898 /* MyChannelViewController.swift */; };
		1E57E0C121FC034F003AD898 /* Channel.swift in Sources */ = {isa = PBXBuildFile; fileRef = 1E57E0C021FC034F003AD898 /* Channel.swift */; };
		1E57E0C421FC0456003AD898 /* Anime.swift in Sources */ = {isa = PBXBuildFile; fileRef = 1E57E0C321FC0456003AD898 /* Anime.swift */; };
		1E57E0C621FC0920003AD898 /* MyChannel.storyboard in Resources */ = {isa = PBXBuildFile; fileRef = 1E57E0C521FC0920003AD898 /* MyChannel.storyboard */; };
		1EB1514221FA1C17001B6110 /* AppDelegate.swift in Sources */ = {isa = PBXBuildFile; fileRef = 1EB1514121FA1C17001B6110 /* AppDelegate.swift */; };
		1EB1514421FA1C17001B6110 /* ViewController.swift in Sources */ = {isa = PBXBuildFile; fileRef = 1EB1514321FA1C17001B6110 /* ViewController.swift */; };
		1EB1514721FA1C17001B6110 /* Main.storyboard in Resources */ = {isa = PBXBuildFile; fileRef = 1EB1514521FA1C17001B6110 /* Main.storyboard */; };
		1EB1514921FA1C18001B6110 /* Assets.xcassets in Resources */ = {isa = PBXBuildFile; fileRef = 1EB1514821FA1C18001B6110 /* Assets.xcassets */; };
		1EB1514C21FA1C18001B6110 /* LaunchScreen.storyboard in Resources */ = {isa = PBXBuildFile; fileRef = 1EB1514A21FA1C18001B6110 /* LaunchScreen.storyboard */; };
		1EC50DD42200CA040026DEF0 /* ChannelDetailItems.storyboard in Resources */ = {isa = PBXBuildFile; fileRef = 1EC50DD32200CA040026DEF0 /* ChannelDetailItems.storyboard */; };
		1EC50DD62200CA290026DEF0 /* ChannelDetailItemsViewController.swift in Sources */ = {isa = PBXBuildFile; fileRef = 1EC50DD52200CA290026DEF0 /* ChannelDetailItemsViewController.swift */; };
		1EE4CD7B22056B4D00E85537 /* ChannelDetailEpisode.storyboard in Resources */ = {isa = PBXBuildFile; fileRef = 1EE4CD7A22056B4D00E85537 /* ChannelDetailEpisode.storyboard */; };
		1EE4CD7D22056B6300E85537 /* ChannelDetailEpisodeViewController.swift in Sources */ = {isa = PBXBuildFile; fileRef = 1EE4CD7C22056B6300E85537 /* ChannelDetailEpisodeViewController.swift */; };
		1EE4CD802205709700E85537 /* ChannelDetailPost.storyboard in Resources */ = {isa = PBXBuildFile; fileRef = 1EE4CD7F2205709700E85537 /* ChannelDetailPost.storyboard */; };
		1EFE8FEF21FC3FA9006E8473 /* CGFloat+Utility.swift in Sources */ = {isa = PBXBuildFile; fileRef = 1EFE8FEE21FC3FA9006E8473 /* CGFloat+Utility.swift */; };
		1EFE8FF321FC4497006E8473 /* ChannelDetail.storyboard in Resources */ = {isa = PBXBuildFile; fileRef = 1EFE8FF221FC4497006E8473 /* ChannelDetail.storyboard */; };
		1EFE8FF521FC44C7006E8473 /* ChannelDetailViewController.swift in Sources */ = {isa = PBXBuildFile; fileRef = 1EFE8FF421FC44C7006E8473 /* ChannelDetailViewController.swift */; };
		1EFE8FF821FC6DB3006E8473 /* ChannelDetailTop.storyboard in Resources */ = {isa = PBXBuildFile; fileRef = 1EFE8FF721FC6DB3006E8473 /* ChannelDetailTop.storyboard */; };
		1EFE8FFA21FC6DCA006E8473 /* ChannelDetailTopViewController.swift in Sources */ = {isa = PBXBuildFile; fileRef = 1EFE8FF921FC6DCA006E8473 /* ChannelDetailTopViewController.swift */; };
		1EFE8FFF21FCA379006E8473 /* UITextView+Utility.swift in Sources */ = {isa = PBXBuildFile; fileRef = 1EFE8FFE21FCA379006E8473 /* UITextView+Utility.swift */; };
		1EFE900221FCA4D8006E8473 /* ChannelDetailWebsite.storyboard in Resources */ = {isa = PBXBuildFile; fileRef = 1EFE900121FCA4D8006E8473 /* ChannelDetailWebsite.storyboard */; };
		1EFE900421FCCBA4006E8473 /* ChannelDetailWebsiteViewController.swift in Sources */ = {isa = PBXBuildFile; fileRef = 1EFE900321FCCBA4006E8473 /* ChannelDetailWebsiteViewController.swift */; };
		1EFE900621FCCE92006E8473 /* ChannelDetailWebsiteListViewController.swift in Sources */ = {isa = PBXBuildFile; fileRef = 1EFE900521FCCE92006E8473 /* ChannelDetailWebsiteListViewController.swift */; };
		1EFE900B21FCD0F3006E8473 /* WebLink.swift in Sources */ = {isa = PBXBuildFile; fileRef = 1EFE900A21FCD0F3006E8473 /* WebLink.swift */; };
		1EFE900E21FCD869006E8473 /* NavTabScrollController.swift in Sources */ = {isa = PBXBuildFile; fileRef = 1EFE900D21FCD869006E8473 /* NavTabScrollController.swift */; };
		1EFE901021FCDE36006E8473 /* UIViewController+NavigationBar.swift in Sources */ = {isa = PBXBuildFile; fileRef = 1EFE900F21FCDE36006E8473 /* UIViewController+NavigationBar.swift */; };
		1EFF4BCD2205BE7D006BFDC9 /* ChannelDetailNotification.storyboard in Resources */ = {isa = PBXBuildFile; fileRef = 1EFF4BCC2205BE7D006BFDC9 /* ChannelDetailNotification.storyboard */; };
		1EFF4BCF2205BE87006BFDC9 /* ChannelDetailNotificationViewController.swift in Sources */ = {isa = PBXBuildFile; fileRef = 1EFF4BCE2205BE87006BFDC9 /* ChannelDetailNotificationViewController.swift */; };
		1EFF4BD32205D4BE006BFDC9 /* ChannelDetailWebsiteListTableViewCell.swift in Sources */ = {isa = PBXBuildFile; fileRef = 1EFF4BD12205D4BE006BFDC9 /* ChannelDetailWebsiteListTableViewCell.swift */; };
		1EFF4BD42205D4BE006BFDC9 /* ChannelDetailWebsiteListTableViewCell.xib in Resources */ = {isa = PBXBuildFile; fileRef = 1EFF4BD22205D4BE006BFDC9 /* ChannelDetailWebsiteListTableViewCell.xib */; };
		1EFF4BDA2205D645006BFDC9 /* PixcelHorizontalView.swift in Sources */ = {isa = PBXBuildFile; fileRef = 1EFF4BD92205D645006BFDC9 /* PixcelHorizontalView.swift */; };
		230CD8FCC5D42F274DDFB366 /* Pods_ReeachA.framework in Frameworks */ = {isa = PBXBuildFile; fileRef = F3091D30AB60E2FA06593877 /* Pods_ReeachA.framework */; };
		DA8AEB2B21FEC3A4000A717E /* PaddingLabel.swift in Sources */ = {isa = PBXBuildFile; fileRef = DA8AEB2621FEC3A4000A717E /* PaddingLabel.swift */; };
		DA8AEB2C21FEC3A4000A717E /* ShadowView.swift in Sources */ = {isa = PBXBuildFile; fileRef = DA8AEB2721FEC3A4000A717E /* ShadowView.swift */; };
		DA8AEB2D21FEC3A4000A717E /* CornerRaoundView.swift in Sources */ = {isa = PBXBuildFile; fileRef = DA8AEB2821FEC3A4000A717E /* CornerRaoundView.swift */; };
		DA8AEB2E21FEC3A4000A717E /* ViewCreator.swift in Sources */ = {isa = PBXBuildFile; fileRef = DA8AEB2921FEC3A4000A717E /* ViewCreator.swift */; };
		DA8AEB2F21FEC3A4000A717E /* ButtonView.swift in Sources */ = {isa = PBXBuildFile; fileRef = DA8AEB2A21FEC3A4000A717E /* ButtonView.swift */; };
		DA8AEB3121FEC4A2000A717E /* CornerRaoundButtonView.swift in Sources */ = {isa = PBXBuildFile; fileRef = DA8AEB3021FEC4A2000A717E /* CornerRaoundButtonView.swift */; };
		DA8AEB3321FECDA8000A717E /* UIViewController+ActionSheet.swift in Sources */ = {isa = PBXBuildFile; fileRef = DA8AEB3221FECDA8000A717E /* UIViewController+ActionSheet.swift */; };
		DA8AEB3521FEEA06000A717E /* NoPaddingTextView.swift in Sources */ = {isa = PBXBuildFile; fileRef = DA8AEB3421FEEA05000A717E /* NoPaddingTextView.swift */; };
/* End PBXBuildFile section */

/* Begin PBXFileReference section */
		1E1E5F0822069F5B005627F9 /* Human.swift */ = {isa = PBXFileReference; lastKnownFileType = sourcecode.swift; path = Human.swift; sourceTree = "<group>"; };
		1E1E5F0B2206A7E4005627F9 /* Organization.swift */ = {isa = PBXFileReference; lastKnownFileType = sourcecode.swift; path = Organization.swift; sourceTree = "<group>"; };
		1E4A542D22060FF000E4EEEF /* SectionHeaderBasicalTableCell.swift */ = {isa = PBXFileReference; lastKnownFileType = sourcecode.swift; path = SectionHeaderBasicalTableCell.swift; sourceTree = "<group>"; };
		1E4A542E22060FF000E4EEEF /* SectionHeaderBasicalTableCell.xib */ = {isa = PBXFileReference; lastKnownFileType = file.xib; path = SectionHeaderBasicalTableCell.xib; sourceTree = "<group>"; };
		1E4A54322206133600E4EEEF /* ChannelDetailSNSLinkTableViewCell.swift */ = {isa = PBXFileReference; lastKnownFileType = sourcecode.swift; path = ChannelDetailSNSLinkTableViewCell.swift; sourceTree = "<group>"; };
		1E4A54332206133600E4EEEF /* ChannelDetailSNSLinkTableViewCell.xib */ = {isa = PBXFileReference; lastKnownFileType = file.xib; path = ChannelDetailSNSLinkTableViewCell.xib; sourceTree = "<group>"; };
		1E57E03421FB7BF7003AD898 /* AnimeChannelCollectionViewCell.swift */ = {isa = PBXFileReference; lastKnownFileType = sourcecode.swift; path = AnimeChannelCollectionViewCell.swift; sourceTree = "<group>"; };
		1E57E03521FB7BF7003AD898 /* AnimeChannelCollectionViewCell.xib */ = {isa = PBXFileReference; lastKnownFileType = file.xib; path = AnimeChannelCollectionViewCell.xib; sourceTree = "<group>"; };
		1E57E03A21FB84DD003AD898 /* UIScrollView+Utility.swift */ = {isa = PBXFileReference; fileEncoding = 4; lastKnownFileType = sourcecode.swift; path = "UIScrollView+Utility.swift"; sourceTree = "<group>"; };
		1E57E03C21FB84DD003AD898 /* UIScreen+Utility.swift */ = {isa = PBXFileReference; fileEncoding = 4; lastKnownFileType = sourcecode.swift; path = "UIScreen+Utility.swift"; sourceTree = "<group>"; };
		1E57E03F21FB84DD003AD898 /* UIColor+Utility.swift */ = {isa = PBXFileReference; fileEncoding = 4; lastKnownFileType = sourcecode.swift; path = "UIColor+Utility.swift"; sourceTree = "<group>"; };
		1E57E04121FB84DD003AD898 /* SwiftExtensions.h */ = {isa = PBXFileReference; fileEncoding = 4; lastKnownFileType = sourcecode.c.h; path = SwiftExtensions.h; sourceTree = "<group>"; };
		1E57E04221FB84DD003AD898 /* ScopeMethod.swift */ = {isa = PBXFileReference; fileEncoding = 4; lastKnownFileType = sourcecode.swift; path = ScopeMethod.swift; sourceTree = "<group>"; };
		1E57E04321FB84DD003AD898 /* NSObject+.swift */ = {isa = PBXFileReference; fileEncoding = 4; lastKnownFileType = sourcecode.swift; path = "NSObject+.swift"; sourceTree = "<group>"; };
		1E57E04421FB84DD003AD898 /* Array+.swift */ = {isa = PBXFileReference; fileEncoding = 4; lastKnownFileType = sourcecode.swift; path = "Array+.swift"; sourceTree = "<group>"; };
		1E57E04521FB84DD003AD898 /* UIView+.swift */ = {isa = PBXFileReference; fileEncoding = 4; lastKnownFileType = sourcecode.swift; path = "UIView+.swift"; sourceTree = "<group>"; };
		1E57E04621FB84DD003AD898 /* String+.swift */ = {isa = PBXFileReference; fileEncoding = 4; lastKnownFileType = sourcecode.swift; path = "String+.swift"; sourceTree = "<group>"; };
		1E57E04721FB84DD003AD898 /* StoryboardInstantiatable.swift */ = {isa = PBXFileReference; fileEncoding = 4; lastKnownFileType = sourcecode.swift; path = StoryboardInstantiatable.swift; sourceTree = "<group>"; };
		1E57E04821FB84DD003AD898 /* TargetedExtension.swift */ = {isa = PBXFileReference; fileEncoding = 4; lastKnownFileType = sourcecode.swift; path = TargetedExtension.swift; sourceTree = "<group>"; };
		1E57E04921FB84DD003AD898 /* URL+.swift */ = {isa = PBXFileReference; fileEncoding = 4; lastKnownFileType = sourcecode.swift; path = "URL+.swift"; sourceTree = "<group>"; };
		1E57E04A21FB84DD003AD898 /* Dictionary+.swift */ = {isa = PBXFileReference; fileEncoding = 4; lastKnownFileType = sourcecode.swift; path = "Dictionary+.swift"; sourceTree = "<group>"; };
		1E57E04B21FB84DD003AD898 /* StringTo.swift */ = {isa = PBXFileReference; fileEncoding = 4; lastKnownFileType = sourcecode.swift; path = StringTo.swift; sourceTree = "<group>"; };
		1E57E04C21FB84DD003AD898 /* UICollectionView+.swift */ = {isa = PBXFileReference; fileEncoding = 4; lastKnownFileType = sourcecode.swift; path = "UICollectionView+.swift"; sourceTree = "<group>"; };
		1E57E04D21FB84DD003AD898 /* Safe.swift */ = {isa = PBXFileReference; fileEncoding = 4; lastKnownFileType = sourcecode.swift; path = Safe.swift; sourceTree = "<group>"; };
		1E57E04E21FB84DD003AD898 /* UIImage+.swift */ = {isa = PBXFileReference; fileEncoding = 4; lastKnownFileType = sourcecode.swift; path = "UIImage+.swift"; sourceTree = "<group>"; };
		1E57E04F21FB84DD003AD898 /* UITableView+.swift */ = {isa = PBXFileReference; fileEncoding = 4; lastKnownFileType = sourcecode.swift; path = "UITableView+.swift"; sourceTree = "<group>"; };
		1E57E05021FB84DD003AD898 /* NibInstantiatable.swift */ = {isa = PBXFileReference; fileEncoding = 4; lastKnownFileType = sourcecode.swift; path = NibInstantiatable.swift; sourceTree = "<group>"; };
		1E57E05121FB84DD003AD898 /* UIApplication+.swift */ = {isa = PBXFileReference; fileEncoding = 4; lastKnownFileType = sourcecode.swift; path = "UIApplication+.swift"; sourceTree = "<group>"; };
		1E57E05221FB84DD003AD898 /* Operator+.swift */ = {isa = PBXFileReference; fileEncoding = 4; lastKnownFileType = sourcecode.swift; path = "Operator+.swift"; sourceTree = "<group>"; };
		1E57E05321FB84DD003AD898 /* UIColor+.swift */ = {isa = PBXFileReference; fileEncoding = 4; lastKnownFileType = sourcecode.swift; path = "UIColor+.swift"; sourceTree = "<group>"; };
		1E57E05521FB84DD003AD898 /* UIView+Autolayout.swift */ = {isa = PBXFileReference; fileEncoding = 4; lastKnownFileType = sourcecode.swift; path = "UIView+Autolayout.swift"; sourceTree = "<group>"; };
		1E57E05621FB84DD003AD898 /* UIVIew+Frame.swift */ = {isa = PBXFileReference; fileEncoding = 4; lastKnownFileType = sourcecode.swift; path = "UIVIew+Frame.swift"; sourceTree = "<group>"; };
		1E57E05721FB84DD003AD898 /* UIView+Corner.swift */ = {isa = PBXFileReference; fileEncoding = 4; lastKnownFileType = sourcecode.swift; path = "UIView+Corner.swift"; sourceTree = "<group>"; };
		1E57E05821FB84DD003AD898 /* UIView+Border.swift */ = {isa = PBXFileReference; fileEncoding = 4; lastKnownFileType = sourcecode.swift; path = "UIView+Border.swift"; sourceTree = "<group>"; };
		1E57E05921FB84DD003AD898 /* UIView+Fade.swift */ = {isa = PBXFileReference; fileEncoding = 4; lastKnownFileType = sourcecode.swift; path = "UIView+Fade.swift"; sourceTree = "<group>"; };
		1E57E05A21FB84DD003AD898 /* UIView+Gesture.swift */ = {isa = PBXFileReference; fileEncoding = 4; lastKnownFileType = sourcecode.swift; path = "UIView+Gesture.swift"; sourceTree = "<group>"; };
		1E57E05B21FB84DD003AD898 /* UIView+Form.swift */ = {isa = PBXFileReference; fileEncoding = 4; lastKnownFileType = sourcecode.swift; path = "UIView+Form.swift"; sourceTree = "<group>"; };
		1E57E05E21FB84DD003AD898 /* Array+Utility.swift */ = {isa = PBXFileReference; fileEncoding = 4; lastKnownFileType = sourcecode.swift; path = "Array+Utility.swift"; sourceTree = "<group>"; };
		1E57E05F21FB84DD003AD898 /* Array+Safe.swift */ = {isa = PBXFileReference; fileEncoding = 4; lastKnownFileType = sourcecode.swift; path = "Array+Safe.swift"; sourceTree = "<group>"; };
		1E57E06121FB84DD003AD898 /* UIStoryboard+Utility.swift */ = {isa = PBXFileReference; fileEncoding = 4; lastKnownFileType = sourcecode.swift; path = "UIStoryboard+Utility.swift"; sourceTree = "<group>"; };
		1E57E06321FB84DD003AD898 /* CastExtension.swift */ = {isa = PBXFileReference; fileEncoding = 4; lastKnownFileType = sourcecode.swift; path = CastExtension.swift; sourceTree = "<group>"; };
		1E57E06521FB84DD003AD898 /* CGSize+Utility.swift */ = {isa = PBXFileReference; fileEncoding = 4; lastKnownFileType = sourcecode.swift; path = "CGSize+Utility.swift"; sourceTree = "<group>"; };
		1E57E06721FB84DD003AD898 /* Date+Utility.swift */ = {isa = PBXFileReference; fileEncoding = 4; lastKnownFileType = sourcecode.swift; path = "Date+Utility.swift"; sourceTree = "<group>"; };
		1E57E06921FB84DD003AD898 /* UICollectionView+Highlight.swift */ = {isa = PBXFileReference; fileEncoding = 4; lastKnownFileType = sourcecode.swift; path = "UICollectionView+Highlight.swift"; sourceTree = "<group>"; };
		1E57E06D21FB84DD003AD898 /* Optional+Utility.swift */ = {isa = PBXFileReference; fileEncoding = 4; lastKnownFileType = sourcecode.swift; path = "Optional+Utility.swift"; sourceTree = "<group>"; };
		1E57E06F21FB84DD003AD898 /* Int+Utility.swift */ = {isa = PBXFileReference; fileEncoding = 4; lastKnownFileType = sourcecode.swift; path = "Int+Utility.swift"; sourceTree = "<group>"; };
		1E57E07221FB84DD003AD898 /* UIViewController+Shadow.swift */ = {isa = PBXFileReference; fileEncoding = 4; lastKnownFileType = sourcecode.swift; path = "UIViewController+Shadow.swift"; sourceTree = "<group>"; };
		1E57E07321FB84DD003AD898 /* UIViewController+Alert.swift */ = {isa = PBXFileReference; fileEncoding = 4; lastKnownFileType = sourcecode.swift; path = "UIViewController+Alert.swift"; sourceTree = "<group>"; };
		1E57E07521FB84DD003AD898 /* UIViewController+Utility.swift */ = {isa = PBXFileReference; fileEncoding = 4; lastKnownFileType = sourcecode.swift; path = "UIViewController+Utility.swift"; sourceTree = "<group>"; };
		1E57E07721FB84DD003AD898 /* UINavigationController+Utils.swift */ = {isa = PBXFileReference; fileEncoding = 4; lastKnownFileType = sourcecode.swift; path = "UINavigationController+Utils.swift"; sourceTree = "<group>"; };
		1E57E07821FB84DD003AD898 /* UINavigationController+Color.swift */ = {isa = PBXFileReference; fileEncoding = 4; lastKnownFileType = sourcecode.swift; path = "UINavigationController+Color.swift"; sourceTree = "<group>"; };
		1E57E07A21FB84DD003AD898 /* UITableView+Utility.swift */ = {isa = PBXFileReference; fileEncoding = 4; lastKnownFileType = sourcecode.swift; path = "UITableView+Utility.swift"; sourceTree = "<group>"; };
		1E57E07C21FB84DD003AD898 /* UIControl+Action.swift */ = {isa = PBXFileReference; fileEncoding = 4; lastKnownFileType = sourcecode.swift; path = "UIControl+Action.swift"; sourceTree = "<group>"; };
		1E57E07E21FB84DD003AD898 /* Dictionary+Utility.swift */ = {isa = PBXFileReference; fileEncoding = 4; lastKnownFileType = sourcecode.swift; path = "Dictionary+Utility.swift"; sourceTree = "<group>"; };
		1E57E08021FB84DD003AD898 /* String+Utility.swift */ = {isa = PBXFileReference; fileEncoding = 4; lastKnownFileType = sourcecode.swift; path = "String+Utility.swift"; sourceTree = "<group>"; };
		1E57E08221FB84DD003AD898 /* NSObject+Utility.swift */ = {isa = PBXFileReference; fileEncoding = 4; lastKnownFileType = sourcecode.swift; path = "NSObject+Utility.swift"; sourceTree = "<group>"; };
		1E57E08421FB84DD003AD898 /* UIStoryboardSegue+Utility.swift */ = {isa = PBXFileReference; fileEncoding = 4; lastKnownFileType = sourcecode.swift; path = "UIStoryboardSegue+Utility.swift"; sourceTree = "<group>"; };
		1E57E0BA21FB8C26003AD898 /* ClosureTypealias.swift */ = {isa = PBXFileReference; lastKnownFileType = sourcecode.swift; path = ClosureTypealias.swift; sourceTree = "<group>"; };
		1E57E0BD21FC0232003AD898 /* MyChannelViewController.swift */ = {isa = PBXFileReference; lastKnownFileType = sourcecode.swift; path = MyChannelViewController.swift; sourceTree = "<group>"; };
		1E57E0C021FC034F003AD898 /* Channel.swift */ = {isa = PBXFileReference; lastKnownFileType = sourcecode.swift; path = Channel.swift; sourceTree = "<group>"; };
		1E57E0C321FC0456003AD898 /* Anime.swift */ = {isa = PBXFileReference; lastKnownFileType = sourcecode.swift; path = Anime.swift; sourceTree = "<group>"; };
		1E57E0C521FC0920003AD898 /* MyChannel.storyboard */ = {isa = PBXFileReference; lastKnownFileType = file.storyboard; path = MyChannel.storyboard; sourceTree = "<group>"; };
		1EB1513E21FA1C16001B6110 /* ReeachA.app */ = {isa = PBXFileReference; explicitFileType = wrapper.application; includeInIndex = 0; path = ReeachA.app; sourceTree = BUILT_PRODUCTS_DIR; };
		1EB1514121FA1C17001B6110 /* AppDelegate.swift */ = {isa = PBXFileReference; lastKnownFileType = sourcecode.swift; path = AppDelegate.swift; sourceTree = "<group>"; };
		1EB1514321FA1C17001B6110 /* ViewController.swift */ = {isa = PBXFileReference; lastKnownFileType = sourcecode.swift; path = ViewController.swift; sourceTree = "<group>"; };
		1EB1514621FA1C17001B6110 /* Base */ = {isa = PBXFileReference; lastKnownFileType = file.storyboard; name = Base; path = Base.lproj/Main.storyboard; sourceTree = "<group>"; };
		1EB1514821FA1C18001B6110 /* Assets.xcassets */ = {isa = PBXFileReference; lastKnownFileType = folder.assetcatalog; path = Assets.xcassets; sourceTree = "<group>"; };
		1EB1514B21FA1C18001B6110 /* Base */ = {isa = PBXFileReference; lastKnownFileType = file.storyboard; name = Base; path = Base.lproj/LaunchScreen.storyboard; sourceTree = "<group>"; };
		1EB1514D21FA1C18001B6110 /* Info.plist */ = {isa = PBXFileReference; lastKnownFileType = text.plist.xml; path = Info.plist; sourceTree = "<group>"; };
		1EC50DD32200CA040026DEF0 /* ChannelDetailItems.storyboard */ = {isa = PBXFileReference; lastKnownFileType = file.storyboard; path = ChannelDetailItems.storyboard; sourceTree = "<group>"; };
		1EC50DD52200CA290026DEF0 /* ChannelDetailItemsViewController.swift */ = {isa = PBXFileReference; lastKnownFileType = sourcecode.swift; path = ChannelDetailItemsViewController.swift; sourceTree = "<group>"; };
		1EE4CD7A22056B4D00E85537 /* ChannelDetailEpisode.storyboard */ = {isa = PBXFileReference; lastKnownFileType = file.storyboard; path = ChannelDetailEpisode.storyboard; sourceTree = "<group>"; };
		1EE4CD7C22056B6300E85537 /* ChannelDetailEpisodeViewController.swift */ = {isa = PBXFileReference; lastKnownFileType = sourcecode.swift; path = ChannelDetailEpisodeViewController.swift; sourceTree = "<group>"; };
		1EE4CD7F2205709700E85537 /* ChannelDetailPost.storyboard */ = {isa = PBXFileReference; lastKnownFileType = file.storyboard; path = ChannelDetailPost.storyboard; sourceTree = "<group>"; };
		1EFE8FEE21FC3FA9006E8473 /* CGFloat+Utility.swift */ = {isa = PBXFileReference; lastKnownFileType = sourcecode.swift; path = "CGFloat+Utility.swift"; sourceTree = "<group>"; };
		1EFE8FF221FC4497006E8473 /* ChannelDetail.storyboard */ = {isa = PBXFileReference; lastKnownFileType = file.storyboard; path = ChannelDetail.storyboard; sourceTree = "<group>"; };
		1EFE8FF421FC44C7006E8473 /* ChannelDetailViewController.swift */ = {isa = PBXFileReference; lastKnownFileType = sourcecode.swift; path = ChannelDetailViewController.swift; sourceTree = "<group>"; };
		1EFE8FF721FC6DB3006E8473 /* ChannelDetailTop.storyboard */ = {isa = PBXFileReference; lastKnownFileType = file.storyboard; path = ChannelDetailTop.storyboard; sourceTree = "<group>"; };
		1EFE8FF921FC6DCA006E8473 /* ChannelDetailTopViewController.swift */ = {isa = PBXFileReference; lastKnownFileType = sourcecode.swift; path = ChannelDetailTopViewController.swift; sourceTree = "<group>"; };
		1EFE8FFE21FCA379006E8473 /* UITextView+Utility.swift */ = {isa = PBXFileReference; lastKnownFileType = sourcecode.swift; path = "UITextView+Utility.swift"; sourceTree = "<group>"; };
		1EFE900121FCA4D8006E8473 /* ChannelDetailWebsite.storyboard */ = {isa = PBXFileReference; lastKnownFileType = file.storyboard; path = ChannelDetailWebsite.storyboard; sourceTree = "<group>"; };
		1EFE900321FCCBA4006E8473 /* ChannelDetailWebsiteViewController.swift */ = {isa = PBXFileReference; lastKnownFileType = sourcecode.swift; path = ChannelDetailWebsiteViewController.swift; sourceTree = "<group>"; };
		1EFE900521FCCE92006E8473 /* ChannelDetailWebsiteListViewController.swift */ = {isa = PBXFileReference; lastKnownFileType = sourcecode.swift; path = ChannelDetailWebsiteListViewController.swift; sourceTree = "<group>"; };
		1EFE900A21FCD0F3006E8473 /* WebLink.swift */ = {isa = PBXFileReference; lastKnownFileType = sourcecode.swift; path = WebLink.swift; sourceTree = "<group>"; };
		1EFE900D21FCD869006E8473 /* NavTabScrollController.swift */ = {isa = PBXFileReference; lastKnownFileType = sourcecode.swift; path = NavTabScrollController.swift; sourceTree = "<group>"; };
		1EFE900F21FCDE36006E8473 /* UIViewController+NavigationBar.swift */ = {isa = PBXFileReference; lastKnownFileType = sourcecode.swift; path = "UIViewController+NavigationBar.swift"; sourceTree = "<group>"; };
		1EFF4BCC2205BE7D006BFDC9 /* ChannelDetailNotification.storyboard */ = {isa = PBXFileReference; lastKnownFileType = file.storyboard; path = ChannelDetailNotification.storyboard; sourceTree = "<group>"; };
		1EFF4BCE2205BE87006BFDC9 /* ChannelDetailNotificationViewController.swift */ = {isa = PBXFileReference; lastKnownFileType = sourcecode.swift; path = ChannelDetailNotificationViewController.swift; sourceTree = "<group>"; };
		1EFF4BD12205D4BE006BFDC9 /* ChannelDetailWebsiteListTableViewCell.swift */ = {isa = PBXFileReference; lastKnownFileType = sourcecode.swift; path = ChannelDetailWebsiteListTableViewCell.swift; sourceTree = "<group>"; };
		1EFF4BD22205D4BE006BFDC9 /* ChannelDetailWebsiteListTableViewCell.xib */ = {isa = PBXFileReference; lastKnownFileType = file.xib; path = ChannelDetailWebsiteListTableViewCell.xib; sourceTree = "<group>"; };
		1EFF4BD92205D645006BFDC9 /* PixcelHorizontalView.swift */ = {isa = PBXFileReference; lastKnownFileType = sourcecode.swift; path = PixcelHorizontalView.swift; sourceTree = "<group>"; };
		88B59514424F66B560248F03 /* Pods-ReeachA.debug.xcconfig */ = {isa = PBXFileReference; includeInIndex = 1; lastKnownFileType = text.xcconfig; name = "Pods-ReeachA.debug.xcconfig"; path = "Pods/Target Support Files/Pods-ReeachA/Pods-ReeachA.debug.xcconfig"; sourceTree = "<group>"; };
		CFF42C61CB3355EA7AC15B1C /* Pods-ReeachA.release.xcconfig */ = {isa = PBXFileReference; includeInIndex = 1; lastKnownFileType = text.xcconfig; name = "Pods-ReeachA.release.xcconfig"; path = "Pods/Target Support Files/Pods-ReeachA/Pods-ReeachA.release.xcconfig"; sourceTree = "<group>"; };
		DA8AEB2621FEC3A4000A717E /* PaddingLabel.swift */ = {isa = PBXFileReference; fileEncoding = 4; lastKnownFileType = sourcecode.swift; path = PaddingLabel.swift; sourceTree = "<group>"; };
		DA8AEB2721FEC3A4000A717E /* ShadowView.swift */ = {isa = PBXFileReference; fileEncoding = 4; lastKnownFileType = sourcecode.swift; path = ShadowView.swift; sourceTree = "<group>"; };
		DA8AEB2821FEC3A4000A717E /* CornerRaoundView.swift */ = {isa = PBXFileReference; fileEncoding = 4; lastKnownFileType = sourcecode.swift; path = CornerRaoundView.swift; sourceTree = "<group>"; };
		DA8AEB2921FEC3A4000A717E /* ViewCreator.swift */ = {isa = PBXFileReference; fileEncoding = 4; lastKnownFileType = sourcecode.swift; path = ViewCreator.swift; sourceTree = "<group>"; };
		DA8AEB2A21FEC3A4000A717E /* ButtonView.swift */ = {isa = PBXFileReference; fileEncoding = 4; lastKnownFileType = sourcecode.swift; path = ButtonView.swift; sourceTree = "<group>"; };
		DA8AEB3021FEC4A2000A717E /* CornerRaoundButtonView.swift */ = {isa = PBXFileReference; lastKnownFileType = sourcecode.swift; path = CornerRaoundButtonView.swift; sourceTree = "<group>"; };
		DA8AEB3221FECDA8000A717E /* UIViewController+ActionSheet.swift */ = {isa = PBXFileReference; lastKnownFileType = sourcecode.swift; path = "UIViewController+ActionSheet.swift"; sourceTree = "<group>"; };
		DA8AEB3421FEEA05000A717E /* NoPaddingTextView.swift */ = {isa = PBXFileReference; lastKnownFileType = sourcecode.swift; path = NoPaddingTextView.swift; sourceTree = "<group>"; };
		F3091D30AB60E2FA06593877 /* Pods_ReeachA.framework */ = {isa = PBXFileReference; explicitFileType = wrapper.framework; includeInIndex = 0; path = Pods_ReeachA.framework; sourceTree = BUILT_PRODUCTS_DIR; };
/* End PBXFileReference section */

/* Begin PBXFrameworksBuildPhase section */
		1EB1513B21FA1C16001B6110 /* Frameworks */ = {
			isa = PBXFrameworksBuildPhase;
			buildActionMask = 2147483647;
			files = (
				230CD8FCC5D42F274DDFB366 /* Pods_ReeachA.framework in Frameworks */,
			);
			runOnlyForDeploymentPostprocessing = 0;
		};
/* End PBXFrameworksBuildPhase section */

/* Begin PBXGroup section */
		1E1E5F0A2206A209005627F9 /* Info */ = {
			isa = PBXGroup;
			children = (
			);
			path = Info;
			sourceTree = "<group>";
		};
		1E4A54312206121A00E4EEEF /* View */ = {
			isa = PBXGroup;
			children = (
			);
			path = View;
			sourceTree = "<group>";
		};
		1E57E03821FB84DD003AD898 /* Extension */ = {
			isa = PBXGroup;
			children = (
				1EFE8FFD21FCA36A006E8473 /* UITextView */,
				1EFE8FED21FC3F9B006E8473 /* CGFloat */,
				1E57E03921FB84DD003AD898 /* UIScrollView */,
				1E57E03B21FB84DD003AD898 /* UIScreen */,
				1E57E03D21FB84DD003AD898 /* UITableViewCell */,
				1E57E03E21FB84DD003AD898 /* UIColor */,
				1E57E04021FB84DD003AD898 /* UsefulExtensions */,
				1E57E05421FB84DD003AD898 /* UIView */,
				1E57E05D21FB84DD003AD898 /* Array */,
				1E57E06021FB84DD003AD898 /* UIStoryboard */,
				1E57E06221FB84DD003AD898 /* Cast */,
				1E57E06421FB84DD003AD898 /* CGSize */,
				1E57E06621FB84DD003AD898 /* Date */,
				1E57E06821FB84DD003AD898 /* UICollectionView */,
				1E57E06A21FB84DD003AD898 /* UIImageView */,
				1E57E06C21FB84DD003AD898 /* Optional */,
				1E57E06E21FB84DD003AD898 /* Int */,
				1E57E07021FB84DD003AD898 /* UIViewController */,
				1E57E07621FB84DD003AD898 /* UINavigationController */,
				1E57E07921FB84DD003AD898 /* UITableView */,
				1E57E07B21FB84DD003AD898 /* UIControl */,
				1E57E07D21FB84DD003AD898 /* Dictionary */,
				1E57E07F21FB84DD003AD898 /* String */,
				1E57E08121FB84DD003AD898 /* NSObject */,
				1E57E08321FB84DD003AD898 /* UIStoryboardSegue */,
			);
			path = Extension;
			sourceTree = "<group>";
		};
		1E57E03921FB84DD003AD898 /* UIScrollView */ = {
			isa = PBXGroup;
			children = (
				1E57E03A21FB84DD003AD898 /* UIScrollView+Utility.swift */,
			);
			path = UIScrollView;
			sourceTree = "<group>";
		};
		1E57E03B21FB84DD003AD898 /* UIScreen */ = {
			isa = PBXGroup;
			children = (
				1E57E03C21FB84DD003AD898 /* UIScreen+Utility.swift */,
			);
			path = UIScreen;
			sourceTree = "<group>";
		};
		1E57E03D21FB84DD003AD898 /* UITableViewCell */ = {
			isa = PBXGroup;
			children = (
			);
			path = UITableViewCell;
			sourceTree = "<group>";
		};
		1E57E03E21FB84DD003AD898 /* UIColor */ = {
			isa = PBXGroup;
			children = (
				1E57E03F21FB84DD003AD898 /* UIColor+Utility.swift */,
			);
			path = UIColor;
			sourceTree = "<group>";
		};
		1E57E04021FB84DD003AD898 /* UsefulExtensions */ = {
			isa = PBXGroup;
			children = (
				1E57E04121FB84DD003AD898 /* SwiftExtensions.h */,
				1E57E04221FB84DD003AD898 /* ScopeMethod.swift */,
				1E57E04321FB84DD003AD898 /* NSObject+.swift */,
				1E57E04421FB84DD003AD898 /* Array+.swift */,
				1E57E04521FB84DD003AD898 /* UIView+.swift */,
				1E57E04621FB84DD003AD898 /* String+.swift */,
				1E57E04721FB84DD003AD898 /* StoryboardInstantiatable.swift */,
				1E57E04821FB84DD003AD898 /* TargetedExtension.swift */,
				1E57E04921FB84DD003AD898 /* URL+.swift */,
				1E57E04A21FB84DD003AD898 /* Dictionary+.swift */,
				1E57E04B21FB84DD003AD898 /* StringTo.swift */,
				1E57E04C21FB84DD003AD898 /* UICollectionView+.swift */,
				1E57E04D21FB84DD003AD898 /* Safe.swift */,
				1E57E04E21FB84DD003AD898 /* UIImage+.swift */,
				1E57E04F21FB84DD003AD898 /* UITableView+.swift */,
				1E57E05021FB84DD003AD898 /* NibInstantiatable.swift */,
				1E57E05121FB84DD003AD898 /* UIApplication+.swift */,
				1E57E05221FB84DD003AD898 /* Operator+.swift */,
				1E57E05321FB84DD003AD898 /* UIColor+.swift */,
			);
			path = UsefulExtensions;
			sourceTree = "<group>";
		};
		1E57E05421FB84DD003AD898 /* UIView */ = {
			isa = PBXGroup;
			children = (
				1E57E05521FB84DD003AD898 /* UIView+Autolayout.swift */,
				1E57E05621FB84DD003AD898 /* UIVIew+Frame.swift */,
				1E57E05721FB84DD003AD898 /* UIView+Corner.swift */,
				1E57E05821FB84DD003AD898 /* UIView+Border.swift */,
				1E57E05921FB84DD003AD898 /* UIView+Fade.swift */,
				1E57E05A21FB84DD003AD898 /* UIView+Gesture.swift */,
				1E57E05B21FB84DD003AD898 /* UIView+Form.swift */,
			);
			path = UIView;
			sourceTree = "<group>";
		};
		1E57E05D21FB84DD003AD898 /* Array */ = {
			isa = PBXGroup;
			children = (
				1E57E05E21FB84DD003AD898 /* Array+Utility.swift */,
				1E57E05F21FB84DD003AD898 /* Array+Safe.swift */,
			);
			path = Array;
			sourceTree = "<group>";
		};
		1E57E06021FB84DD003AD898 /* UIStoryboard */ = {
			isa = PBXGroup;
			children = (
				1E57E06121FB84DD003AD898 /* UIStoryboard+Utility.swift */,
			);
			path = UIStoryboard;
			sourceTree = "<group>";
		};
		1E57E06221FB84DD003AD898 /* Cast */ = {
			isa = PBXGroup;
			children = (
				1E57E06321FB84DD003AD898 /* CastExtension.swift */,
			);
			path = Cast;
			sourceTree = "<group>";
		};
		1E57E06421FB84DD003AD898 /* CGSize */ = {
			isa = PBXGroup;
			children = (
				1E57E06521FB84DD003AD898 /* CGSize+Utility.swift */,
			);
			path = CGSize;
			sourceTree = "<group>";
		};
		1E57E06621FB84DD003AD898 /* Date */ = {
			isa = PBXGroup;
			children = (
				1E57E06721FB84DD003AD898 /* Date+Utility.swift */,
			);
			path = Date;
			sourceTree = "<group>";
		};
		1E57E06821FB84DD003AD898 /* UICollectionView */ = {
			isa = PBXGroup;
			children = (
				1E57E06921FB84DD003AD898 /* UICollectionView+Highlight.swift */,
			);
			path = UICollectionView;
			sourceTree = "<group>";
		};
		1E57E06A21FB84DD003AD898 /* UIImageView */ = {
			isa = PBXGroup;
			children = (
			);
			path = UIImageView;
			sourceTree = "<group>";
		};
		1E57E06C21FB84DD003AD898 /* Optional */ = {
			isa = PBXGroup;
			children = (
				1E57E06D21FB84DD003AD898 /* Optional+Utility.swift */,
			);
			path = Optional;
			sourceTree = "<group>";
		};
		1E57E06E21FB84DD003AD898 /* Int */ = {
			isa = PBXGroup;
			children = (
				1E57E06F21FB84DD003AD898 /* Int+Utility.swift */,
			);
			path = Int;
			sourceTree = "<group>";
		};
		1E57E07021FB84DD003AD898 /* UIViewController */ = {
			isa = PBXGroup;
			children = (
				1E57E07221FB84DD003AD898 /* UIViewController+Shadow.swift */,
				1E57E07321FB84DD003AD898 /* UIViewController+Alert.swift */,
				1E57E07521FB84DD003AD898 /* UIViewController+Utility.swift */,
				1EFE900F21FCDE36006E8473 /* UIViewController+NavigationBar.swift */,
				DA8AEB3221FECDA8000A717E /* UIViewController+ActionSheet.swift */,
			);
			path = UIViewController;
			sourceTree = "<group>";
		};
		1E57E07621FB84DD003AD898 /* UINavigationController */ = {
			isa = PBXGroup;
			children = (
				1E57E07721FB84DD003AD898 /* UINavigationController+Utils.swift */,
				1E57E07821FB84DD003AD898 /* UINavigationController+Color.swift */,
			);
			path = UINavigationController;
			sourceTree = "<group>";
		};
		1E57E07921FB84DD003AD898 /* UITableView */ = {
			isa = PBXGroup;
			children = (
				1E57E07A21FB84DD003AD898 /* UITableView+Utility.swift */,
			);
			path = UITableView;
			sourceTree = "<group>";
		};
		1E57E07B21FB84DD003AD898 /* UIControl */ = {
			isa = PBXGroup;
			children = (
				1E57E07C21FB84DD003AD898 /* UIControl+Action.swift */,
			);
			path = UIControl;
			sourceTree = "<group>";
		};
		1E57E07D21FB84DD003AD898 /* Dictionary */ = {
			isa = PBXGroup;
			children = (
				1E57E07E21FB84DD003AD898 /* Dictionary+Utility.swift */,
			);
			path = Dictionary;
			sourceTree = "<group>";
		};
		1E57E07F21FB84DD003AD898 /* String */ = {
			isa = PBXGroup;
			children = (
				1E57E08021FB84DD003AD898 /* String+Utility.swift */,
			);
			path = String;
			sourceTree = "<group>";
		};
		1E57E08121FB84DD003AD898 /* NSObject */ = {
			isa = PBXGroup;
			children = (
				1E57E08221FB84DD003AD898 /* NSObject+Utility.swift */,
			);
			path = NSObject;
			sourceTree = "<group>";
		};
		1E57E08321FB84DD003AD898 /* UIStoryboardSegue */ = {
			isa = PBXGroup;
			children = (
				1E57E08421FB84DD003AD898 /* UIStoryboardSegue+Utility.swift */,
			);
			path = UIStoryboardSegue;
			sourceTree = "<group>";
		};
		1E57E0B921FB8C05003AD898 /* Definition */ = {
			isa = PBXGroup;
			children = (
				1E57E0BA21FB8C26003AD898 /* ClosureTypealias.swift */,
			);
			path = Definition;
			sourceTree = "<group>";
		};
		1E57E0BC21FC01EE003AD898 /* Screen */ = {
			isa = PBXGroup;
			children = (
				1EFF4BD02205D497006BFDC9 /* CommonCell */,
				1EFE8FF121FC4478006E8473 /* ChannelDetail */,
				1EFE8FF021FC4441006E8473 /* MyChannel */,
			);
			path = Screen;
			sourceTree = "<group>";
		};
		1E57E0BF21FC02AB003AD898 /* Model */ = {
			isa = PBXGroup;
			children = (
				1E1E5F0A2206A209005627F9 /* Info */,
				1EFE900921FCD022006E8473 /* WebLink */,
				1E57E0C221FC0382003AD898 /* Channel */,
			);
			path = Model;
			sourceTree = "<group>";
		};
		1E57E0C221FC0382003AD898 /* Channel */ = {
			isa = PBXGroup;
			children = (
				1E57E0C021FC034F003AD898 /* Channel.swift */,
				1E57E0C321FC0456003AD898 /* Anime.swift */,
				1E1E5F0822069F5B005627F9 /* Human.swift */,
				1E1E5F0B2206A7E4005627F9 /* Organization.swift */,
			);
			path = Channel;
			sourceTree = "<group>";
		};
		1EB1513521FA1C16001B6110 = {
			isa = PBXGroup;
			children = (
				1EB1514021FA1C16001B6110 /* ReeachA */,
				1EB1513F21FA1C16001B6110 /* Products */,
				9C66DFB30DF1D9FEDC76B8AA /* Pods */,
				8EB5C916A33FAB832F0B7013 /* Frameworks */,
			);
			sourceTree = "<group>";
		};
		1EB1513F21FA1C16001B6110 /* Products */ = {
			isa = PBXGroup;
			children = (
				1EB1513E21FA1C16001B6110 /* ReeachA.app */,
			);
			name = Products;
			sourceTree = "<group>";
		};
		1EB1514021FA1C16001B6110 /* ReeachA */ = {
			isa = PBXGroup;
			children = (
				1EFE900C21FCD82B006E8473 /* CommonUtility */,
				1E57E0BF21FC02AB003AD898 /* Model */,
				1E57E0BC21FC01EE003AD898 /* Screen */,
				1E57E0B921FB8C05003AD898 /* Definition */,
				1E57E03821FB84DD003AD898 /* Extension */,
				1EB1515321FB6E7E001B6110 /* CommonView */,
				1EB1514121FA1C17001B6110 /* AppDelegate.swift */,
				1EB1514321FA1C17001B6110 /* ViewController.swift */,
				1EB1514521FA1C17001B6110 /* Main.storyboard */,
				1EB1514821FA1C18001B6110 /* Assets.xcassets */,
				1EB1514A21FA1C18001B6110 /* LaunchScreen.storyboard */,
				1EB1514D21FA1C18001B6110 /* Info.plist */,
			);
			path = ReeachA;
			sourceTree = "<group>";
		};
		1EB1515321FB6E7E001B6110 /* CommonView */ = {
			isa = PBXGroup;
			children = (
				DA8AEB2A21FEC3A4000A717E /* ButtonView.swift */,
				DA8AEB2821FEC3A4000A717E /* CornerRaoundView.swift */,
				DA8AEB2621FEC3A4000A717E /* PaddingLabel.swift */,
				DA8AEB2721FEC3A4000A717E /* ShadowView.swift */,
				DA8AEB2921FEC3A4000A717E /* ViewCreator.swift */,
				1EB1515521FB6E9E001B6110 /* UICollectionView */,
				DA8AEB3021FEC4A2000A717E /* CornerRaoundButtonView.swift */,
				DA8AEB3421FEEA05000A717E /* NoPaddingTextView.swift */,
				1EFF4BD92205D645006BFDC9 /* PixcelHorizontalView.swift */,
			);
			path = CommonView;
			sourceTree = "<group>";
		};
		1EB1515521FB6E9E001B6110 /* UICollectionView */ = {
			isa = PBXGroup;
			children = (
				1E57E03421FB7BF7003AD898 /* AnimeChannelCollectionViewCell.swift */,
				1E57E03521FB7BF7003AD898 /* AnimeChannelCollectionViewCell.xib */,
			);
			path = UICollectionView;
			sourceTree = "<group>";
		};
		1EC50DD22200C9010026DEF0 /* ChannelDetailItems */ = {
			isa = PBXGroup;
			children = (
				1EC50DD32200CA040026DEF0 /* ChannelDetailItems.storyboard */,
				1EC50DD52200CA290026DEF0 /* ChannelDetailItemsViewController.swift */,
			);
			path = ChannelDetailItems;
			sourceTree = "<group>";
		};
		1EE4CD7922056AE900E85537 /* ChannelDetailEpisode */ = {
			isa = PBXGroup;
			children = (
				1EE4CD7A22056B4D00E85537 /* ChannelDetailEpisode.storyboard */,
				1EE4CD7C22056B6300E85537 /* ChannelDetailEpisodeViewController.swift */,
			);
			path = ChannelDetailEpisode;
			sourceTree = "<group>";
		};
		1EE4CD7E2205707600E85537 /* ChannelDetailPost */ = {
			isa = PBXGroup;
			children = (
				1EE4CD7F2205709700E85537 /* ChannelDetailPost.storyboard */,
			);
			path = ChannelDetailPost;
			sourceTree = "<group>";
		};
		1EFE8FED21FC3F9B006E8473 /* CGFloat */ = {
			isa = PBXGroup;
			children = (
				1EFE8FEE21FC3FA9006E8473 /* CGFloat+Utility.swift */,
			);
			path = CGFloat;
			sourceTree = "<group>";
		};
		1EFE8FF021FC4441006E8473 /* MyChannel */ = {
			isa = PBXGroup;
			children = (
				1E57E0BD21FC0232003AD898 /* MyChannelViewController.swift */,
				1E57E0C521FC0920003AD898 /* MyChannel.storyboard */,
			);
			path = MyChannel;
			sourceTree = "<group>";
		};
		1EFE8FF121FC4478006E8473 /* ChannelDetail */ = {
			isa = PBXGroup;
			children = (
				1EFF4BCB2205BE57006BFDC9 /* ChannelDetailNotification */,
				1EE4CD7E2205707600E85537 /* ChannelDetailPost */,
				1EE4CD7922056AE900E85537 /* ChannelDetailEpisode */,
				1EC50DD22200C9010026DEF0 /* ChannelDetailItems */,
				1EFE900021FCA4AE006E8473 /* ChannelDetailWebsite */,
				1EFE8FF621FC6D9B006E8473 /* ChannelDetailTop */,
				1EFE8FF221FC4497006E8473 /* ChannelDetail.storyboard */,
				1EFE8FF421FC44C7006E8473 /* ChannelDetailViewController.swift */,
			);
			path = ChannelDetail;
			sourceTree = "<group>";
		};
		1EFE8FF621FC6D9B006E8473 /* ChannelDetailTop */ = {
			isa = PBXGroup;
			children = (
				1E4A54312206121A00E4EEEF /* View */,
				1EFE8FF721FC6DB3006E8473 /* ChannelDetailTop.storyboard */,
				1EFE8FF921FC6DCA006E8473 /* ChannelDetailTopViewController.swift */,
			);
			path = ChannelDetailTop;
			sourceTree = "<group>";
		};
		1EFE8FFD21FCA36A006E8473 /* UITextView */ = {
			isa = PBXGroup;
			children = (
				1EFE8FFE21FCA379006E8473 /* UITextView+Utility.swift */,
			);
			path = UITextView;
			sourceTree = "<group>";
		};
		1EFE900021FCA4AE006E8473 /* ChannelDetailWebsite */ = {
			isa = PBXGroup;
			children = (
				1EFE900121FCA4D8006E8473 /* ChannelDetailWebsite.storyboard */,
				1EFE900321FCCBA4006E8473 /* ChannelDetailWebsiteViewController.swift */,
				1EFE900521FCCE92006E8473 /* ChannelDetailWebsiteListViewController.swift */,
			);
			path = ChannelDetailWebsite;
			sourceTree = "<group>";
		};
		1EFE900921FCD022006E8473 /* WebLink */ = {
			isa = PBXGroup;
			children = (
				1EFE900A21FCD0F3006E8473 /* WebLink.swift */,
			);
			path = WebLink;
			sourceTree = "<group>";
		};
		1EFE900C21FCD82B006E8473 /* CommonUtility */ = {
			isa = PBXGroup;
			children = (
				1EFE900D21FCD869006E8473 /* NavTabScrollController.swift */,
			);
			path = CommonUtility;
			sourceTree = "<group>";
		};
		1EFF4BCB2205BE57006BFDC9 /* ChannelDetailNotification */ = {
			isa = PBXGroup;
			children = (
				1EFF4BCC2205BE7D006BFDC9 /* ChannelDetailNotification.storyboard */,
				1EFF4BCE2205BE87006BFDC9 /* ChannelDetailNotificationViewController.swift */,
			);
			path = ChannelDetailNotification;
			sourceTree = "<group>";
		};
		1EFF4BD02205D497006BFDC9 /* CommonCell */ = {
			isa = PBXGroup;
			children = (
				1EFF4BD12205D4BE006BFDC9 /* ChannelDetailWebsiteListTableViewCell.swift */,
				1EFF4BD22205D4BE006BFDC9 /* ChannelDetailWebsiteListTableViewCell.xib */,
				1E4A542D22060FF000E4EEEF /* SectionHeaderBasicalTableCell.swift */,
				1E4A542E22060FF000E4EEEF /* SectionHeaderBasicalTableCell.xib */,
				1E4A54322206133600E4EEEF /* ChannelDetailSNSLinkTableViewCell.swift */,
				1E4A54332206133600E4EEEF /* ChannelDetailSNSLinkTableViewCell.xib */,
			);
			path = CommonCell;
			sourceTree = "<group>";
		};
		8EB5C916A33FAB832F0B7013 /* Frameworks */ = {
			isa = PBXGroup;
			children = (
				F3091D30AB60E2FA06593877 /* Pods_ReeachA.framework */,
			);
			name = Frameworks;
			sourceTree = "<group>";
		};
		9C66DFB30DF1D9FEDC76B8AA /* Pods */ = {
			isa = PBXGroup;
			children = (
				88B59514424F66B560248F03 /* Pods-ReeachA.debug.xcconfig */,
				CFF42C61CB3355EA7AC15B1C /* Pods-ReeachA.release.xcconfig */,
			);
			name = Pods;
			sourceTree = "<group>";
		};
/* End PBXGroup section */

/* Begin PBXNativeTarget section */
		1EB1513D21FA1C16001B6110 /* ReeachA */ = {
			isa = PBXNativeTarget;
			buildConfigurationList = 1EB1515021FA1C18001B6110 /* Build configuration list for PBXNativeTarget "ReeachA" */;
			buildPhases = (
				81B11EE4DB18C92616BAAA26 /* [CP] Check Pods Manifest.lock */,
				1EB1513A21FA1C16001B6110 /* Sources */,
				1EB1513B21FA1C16001B6110 /* Frameworks */,
				1EB1513C21FA1C16001B6110 /* Resources */,
				A3551DD69C99103D59922E35 /* [CP] Embed Pods Frameworks */,
			);
			buildRules = (
			);
			dependencies = (
			);
			name = ReeachA;
			productName = ReeachA;
			productReference = 1EB1513E21FA1C16001B6110 /* ReeachA.app */;
			productType = "com.apple.product-type.application";
		};
/* End PBXNativeTarget section */

/* Begin PBXProject section */
		1EB1513621FA1C16001B6110 /* Project object */ = {
			isa = PBXProject;
			attributes = {
				LastSwiftUpdateCheck = 1000;
				LastUpgradeCheck = 1000;
				ORGANIZATIONNAME = "長内幸太郎";
				TargetAttributes = {
					1EB1513D21FA1C16001B6110 = {
						CreatedOnToolsVersion = 10.0;
					};
				};
			};
			buildConfigurationList = 1EB1513921FA1C16001B6110 /* Build configuration list for PBXProject "ReeachA" */;
			compatibilityVersion = "Xcode 9.3";
			developmentRegion = en;
			hasScannedForEncodings = 0;
			knownRegions = (
				en,
				Base,
			);
			mainGroup = 1EB1513521FA1C16001B6110;
			productRefGroup = 1EB1513F21FA1C16001B6110 /* Products */;
			projectDirPath = "";
			projectRoot = "";
			targets = (
				1EB1513D21FA1C16001B6110 /* ReeachA */,
			);
		};
/* End PBXProject section */

/* Begin PBXResourcesBuildPhase section */
		1EB1513C21FA1C16001B6110 /* Resources */ = {
			isa = PBXResourcesBuildPhase;
			buildActionMask = 2147483647;
			files = (
				1EB1514C21FA1C18001B6110 /* LaunchScreen.storyboard in Resources */,
				1EC50DD42200CA040026DEF0 /* ChannelDetailItems.storyboard in Resources */,
				1EFF4BCD2205BE7D006BFDC9 /* ChannelDetailNotification.storyboard in Resources */,
				1E4A54352206133600E4EEEF /* ChannelDetailSNSLinkTableViewCell.xib in Resources */,
				1E57E03721FB7BF7003AD898 /* AnimeChannelCollectionViewCell.xib in Resources */,
				1E57E0C621FC0920003AD898 /* MyChannel.storyboard in Resources */,
				1EFE8FF321FC4497006E8473 /* ChannelDetail.storyboard in Resources */,
				1EFE8FF821FC6DB3006E8473 /* ChannelDetailTop.storyboard in Resources */,
				1EFE900221FCA4D8006E8473 /* ChannelDetailWebsite.storyboard in Resources */,
				1E4A543022060FF000E4EEEF /* SectionHeaderBasicalTableCell.xib in Resources */,
				1EE4CD7B22056B4D00E85537 /* ChannelDetailEpisode.storyboard in Resources */,
				1EB1514921FA1C18001B6110 /* Assets.xcassets in Resources */,
				1EB1514721FA1C17001B6110 /* Main.storyboard in Resources */,
				1EE4CD802205709700E85537 /* ChannelDetailPost.storyboard in Resources */,
				1EFF4BD42205D4BE006BFDC9 /* ChannelDetailWebsiteListTableViewCell.xib in Resources */,
			);
			runOnlyForDeploymentPostprocessing = 0;
		};
/* End PBXResourcesBuildPhase section */

/* Begin PBXShellScriptBuildPhase section */
		81B11EE4DB18C92616BAAA26 /* [CP] Check Pods Manifest.lock */ = {
			isa = PBXShellScriptBuildPhase;
			buildActionMask = 2147483647;
			files = (
			);
			inputPaths = (
				"${PODS_PODFILE_DIR_PATH}/Podfile.lock",
				"${PODS_ROOT}/Manifest.lock",
			);
			name = "[CP] Check Pods Manifest.lock";
			outputPaths = (
				"$(DERIVED_FILE_DIR)/Pods-ReeachA-checkManifestLockResult.txt",
			);
			runOnlyForDeploymentPostprocessing = 0;
			shellPath = /bin/sh;
			shellScript = "diff \"${PODS_PODFILE_DIR_PATH}/Podfile.lock\" \"${PODS_ROOT}/Manifest.lock\" > /dev/null\nif [ $? != 0 ] ; then\n    # print error to STDERR\n    echo \"error: The sandbox is not in sync with the Podfile.lock. Run 'pod install' or update your CocoaPods installation.\" >&2\n    exit 1\nfi\n# This output is used by Xcode 'outputs' to avoid re-running this script phase.\necho \"SUCCESS\" > \"${SCRIPT_OUTPUT_FILE_0}\"\n";
			showEnvVarsInLog = 0;
		};
		A3551DD69C99103D59922E35 /* [CP] Embed Pods Frameworks */ = {
			isa = PBXShellScriptBuildPhase;
			buildActionMask = 2147483647;
			files = (
			);
			inputPaths = (
				"${SRCROOT}/Pods/Target Support Files/Pods-ReeachA/Pods-ReeachA-frameworks.sh",
				"${BUILT_PRODUCTS_DIR}/Alamofire/Alamofire.framework",
				"${BUILT_PRODUCTS_DIR}/Kingfisher/Kingfisher.framework",
				"${BUILT_PRODUCTS_DIR}/SVProgressHUD/SVProgressHUD.framework",
				"${BUILT_PRODUCTS_DIR}/SlideMenuControllerSwift/SlideMenuControllerSwift.framework",
				"${BUILT_PRODUCTS_DIR}/SnapKit/SnapKit.framework",
				"${BUILT_PRODUCTS_DIR}/SwiftyJSON/SwiftyJSON.framework",
			);
			name = "[CP] Embed Pods Frameworks";
			outputPaths = (
				"${TARGET_BUILD_DIR}/${FRAMEWORKS_FOLDER_PATH}/Alamofire.framework",
				"${TARGET_BUILD_DIR}/${FRAMEWORKS_FOLDER_PATH}/Kingfisher.framework",
				"${TARGET_BUILD_DIR}/${FRAMEWORKS_FOLDER_PATH}/SVProgressHUD.framework",
				"${TARGET_BUILD_DIR}/${FRAMEWORKS_FOLDER_PATH}/SlideMenuControllerSwift.framework",
				"${TARGET_BUILD_DIR}/${FRAMEWORKS_FOLDER_PATH}/SnapKit.framework",
				"${TARGET_BUILD_DIR}/${FRAMEWORKS_FOLDER_PATH}/SwiftyJSON.framework",
			);
			runOnlyForDeploymentPostprocessing = 0;
			shellPath = /bin/sh;
			shellScript = "\"${SRCROOT}/Pods/Target Support Files/Pods-ReeachA/Pods-ReeachA-frameworks.sh\"\n";
			showEnvVarsInLog = 0;
		};
/* End PBXShellScriptBuildPhase section */

/* Begin PBXSourcesBuildPhase section */
		1EB1513A21FA1C16001B6110 /* Sources */ = {
			isa = PBXSourcesBuildPhase;
			buildActionMask = 2147483647;
			files = (
				1E57E0BB21FB8C26003AD898 /* ClosureTypealias.swift in Sources */,
				1EFE900421FCCBA4006E8473 /* ChannelDetailWebsiteViewController.swift in Sources */,
				1E57E0AE21FB84DE003AD898 /* UIViewController+Alert.swift in Sources */,
				1EFE8FF521FC44C7006E8473 /* ChannelDetailViewController.swift in Sources */,
				1E57E0A621FB84DE003AD898 /* CGSize+Utility.swift in Sources */,
				1EFE8FFF21FCA379006E8473 /* UITextView+Utility.swift in Sources */,
				1EFF4BDA2205D645006BFDC9 /* PixcelHorizontalView.swift in Sources */,
				1EFE900E21FCD869006E8473 /* NavTabScrollController.swift in Sources */,
				1E57E08621FB84DD003AD898 /* UIScreen+Utility.swift in Sources */,
				1E57E09821FB84DE003AD898 /* Operator+.swift in Sources */,
				1E57E08821FB84DD003AD898 /* ScopeMethod.swift in Sources */,
				DA8AEB2D21FEC3A4000A717E /* CornerRaoundView.swift in Sources */,
				1E57E0AB21FB84DE003AD898 /* Int+Utility.swift in Sources */,
				DA8AEB3321FECDA8000A717E /* UIViewController+ActionSheet.swift in Sources */,
				1E57E0C121FC034F003AD898 /* Channel.swift in Sources */,
				DA8AEB3521FEEA06000A717E /* NoPaddingTextView.swift in Sources */,
				1E57E08521FB84DD003AD898 /* UIScrollView+Utility.swift in Sources */,
				1E57E09D21FB84DE003AD898 /* UIView+Border.swift in Sources */,
				1E57E09E21FB84DE003AD898 /* UIView+Fade.swift in Sources */,
				1EFF4BD32205D4BE006BFDC9 /* ChannelDetailWebsiteListTableViewCell.swift in Sources */,
				1E57E0A521FB84DE003AD898 /* CastExtension.swift in Sources */,
				1E57E0B221FB84DE003AD898 /* UINavigationController+Color.swift in Sources */,
				1E57E09121FB84DD003AD898 /* StringTo.swift in Sources */,
				1E57E0AD21FB84DE003AD898 /* UIViewController+Shadow.swift in Sources */,
				1EFE900B21FCD0F3006E8473 /* WebLink.swift in Sources */,
				1E57E08721FB84DD003AD898 /* UIColor+Utility.swift in Sources */,
				1E57E0A721FB84DE003AD898 /* Date+Utility.swift in Sources */,
				1E57E08B21FB84DD003AD898 /* UIView+.swift in Sources */,
				1EC50DD62200CA290026DEF0 /* ChannelDetailItemsViewController.swift in Sources */,
				1E57E0B321FB84DE003AD898 /* UITableView+Utility.swift in Sources */,
				1E57E09A21FB84DE003AD898 /* UIView+Autolayout.swift in Sources */,
				1EFE900621FCCE92006E8473 /* ChannelDetailWebsiteListViewController.swift in Sources */,
				1E57E09621FB84DD003AD898 /* NibInstantiatable.swift in Sources */,
				1E57E0C421FC0456003AD898 /* Anime.swift in Sources */,
				1E57E08A21FB84DD003AD898 /* Array+.swift in Sources */,
				1EFE8FEF21FC3FA9006E8473 /* CGFloat+Utility.swift in Sources */,
				1E57E09F21FB84DE003AD898 /* UIView+Gesture.swift in Sources */,
				1E57E0A821FB84DE003AD898 /* UICollectionView+Highlight.swift in Sources */,
				1EFE8FFA21FC6DCA006E8473 /* ChannelDetailTopViewController.swift in Sources */,
				1E57E09B21FB84DE003AD898 /* UIVIew+Frame.swift in Sources */,
				1E57E0A321FB84DE003AD898 /* Array+Safe.swift in Sources */,
				1E57E0B621FB84DE003AD898 /* String+Utility.swift in Sources */,
				1E57E0B821FB84DE003AD898 /* UIStoryboardSegue+Utility.swift in Sources */,
				1E57E09721FB84DD003AD898 /* UIApplication+.swift in Sources */,
				1EFE901021FCDE36006E8473 /* UIViewController+NavigationBar.swift in Sources */,
				1E4A542F22060FF000E4EEEF /* SectionHeaderBasicalTableCell.swift in Sources */,
				1E57E0B121FB84DE003AD898 /* UINavigationController+Utils.swift in Sources */,
				1E1E5F0922069F5B005627F9 /* Human.swift in Sources */,
				1EB1514421FA1C17001B6110 /* ViewController.swift in Sources */,
				1E57E0A021FB84DE003AD898 /* UIView+Form.swift in Sources */,
				1E57E0A421FB84DE003AD898 /* UIStoryboard+Utility.swift in Sources */,
				1E57E08C21FB84DD003AD898 /* String+.swift in Sources */,
				1E1E5F0C2206A7E4005627F9 /* Organization.swift in Sources */,
				DA8AEB3121FEC4A2000A717E /* CornerRaoundButtonView.swift in Sources */,
				1EFF4BCF2205BE87006BFDC9 /* ChannelDetailNotificationViewController.swift in Sources */,
				1E57E0B521FB84DE003AD898 /* Dictionary+Utility.swift in Sources */,
				1E57E09221FB84DD003AD898 /* UICollectionView+.swift in Sources */,
				1E57E09321FB84DD003AD898 /* Safe.swift in Sources */,
				1E57E0BE21FC0232003AD898 /* MyChannelViewController.swift in Sources */,
				1E57E08921FB84DD003AD898 /* NSObject+.swift in Sources */,
				1E57E0B721FB84DE003AD898 /* NSObject+Utility.swift in Sources */,
				DA8AEB2C21FEC3A4000A717E /* ShadowView.swift in Sources */,
				1E57E08F21FB84DD003AD898 /* URL+.swift in Sources */,
				1E57E09521FB84DD003AD898 /* UITableView+.swift in Sources */,
				1E57E09C21FB84DE003AD898 /* UIView+Corner.swift in Sources */,
				DA8AEB2B21FEC3A4000A717E /* PaddingLabel.swift in Sources */,
				1E4A54342206133600E4EEEF /* ChannelDetailSNSLinkTableViewCell.swift in Sources */,
				1E57E0B421FB84DE003AD898 /* UIControl+Action.swift in Sources */,
				1E57E09921FB84DE003AD898 /* UIColor+.swift in Sources */,
				1EE4CD7D22056B6300E85537 /* ChannelDetailEpisodeViewController.swift in Sources */,
				1E57E08E21FB84DD003AD898 /* TargetedExtension.swift in Sources */,
				1E57E0B021FB84DE003AD898 /* UIViewController+Utility.swift in Sources */,
				1E57E09021FB84DD003AD898 /* Dictionary+.swift in Sources */,
				DA8AEB2F21FEC3A4000A717E /* ButtonView.swift in Sources */,
				1E57E08D21FB84DD003AD898 /* StoryboardInstantiatable.swift in Sources */,
				1E57E0A221FB84DE003AD898 /* Array+Utility.swift in Sources */,
				1EB1514221FA1C17001B6110 /* AppDelegate.swift in Sources */,
				1E57E03621FB7BF7003AD898 /* AnimeChannelCollectionViewCell.swift in Sources */,
				DA8AEB2E21FEC3A4000A717E /* ViewCreator.swift in Sources */,
				1E57E0AA21FB84DE003AD898 /* Optional+Utility.swift in Sources */,
				1E57E09421FB84DD003AD898 /* UIImage+.swift in Sources */,
			);
			runOnlyForDeploymentPostprocessing = 0;
		};
/* End PBXSourcesBuildPhase section */

/* Begin PBXVariantGroup section */
		1EB1514521FA1C17001B6110 /* Main.storyboard */ = {
			isa = PBXVariantGroup;
			children = (
				1EB1514621FA1C17001B6110 /* Base */,
			);
			name = Main.storyboard;
			sourceTree = "<group>";
		};
		1EB1514A21FA1C18001B6110 /* LaunchScreen.storyboard */ = {
			isa = PBXVariantGroup;
			children = (
				1EB1514B21FA1C18001B6110 /* Base */,
			);
			name = LaunchScreen.storyboard;
			sourceTree = "<group>";
		};
/* End PBXVariantGroup section */

/* Begin XCBuildConfiguration section */
		1EB1514E21FA1C18001B6110 /* Debug */ = {
			isa = XCBuildConfiguration;
			buildSettings = {
				ALWAYS_SEARCH_USER_PATHS = NO;
				CLANG_ANALYZER_NONNULL = YES;
				CLANG_ANALYZER_NUMBER_OBJECT_CONVERSION = YES_AGGRESSIVE;
				CLANG_CXX_LANGUAGE_STANDARD = "gnu++14";
				CLANG_CXX_LIBRARY = "libc++";
				CLANG_ENABLE_MODULES = YES;
				CLANG_ENABLE_OBJC_ARC = YES;
				CLANG_ENABLE_OBJC_WEAK = YES;
				CLANG_WARN_BLOCK_CAPTURE_AUTORELEASING = YES;
				CLANG_WARN_BOOL_CONVERSION = YES;
				CLANG_WARN_COMMA = YES;
				CLANG_WARN_CONSTANT_CONVERSION = YES;
				CLANG_WARN_DEPRECATED_OBJC_IMPLEMENTATIONS = YES;
				CLANG_WARN_DIRECT_OBJC_ISA_USAGE = YES_ERROR;
				CLANG_WARN_DOCUMENTATION_COMMENTS = YES;
				CLANG_WARN_EMPTY_BODY = YES;
				CLANG_WARN_ENUM_CONVERSION = YES;
				CLANG_WARN_INFINITE_RECURSION = YES;
				CLANG_WARN_INT_CONVERSION = YES;
				CLANG_WARN_NON_LITERAL_NULL_CONVERSION = YES;
				CLANG_WARN_OBJC_IMPLICIT_RETAIN_SELF = YES;
				CLANG_WARN_OBJC_LITERAL_CONVERSION = YES;
				CLANG_WARN_OBJC_ROOT_CLASS = YES_ERROR;
				CLANG_WARN_RANGE_LOOP_ANALYSIS = YES;
				CLANG_WARN_STRICT_PROTOTYPES = YES;
				CLANG_WARN_SUSPICIOUS_MOVE = YES;
				CLANG_WARN_UNGUARDED_AVAILABILITY = YES_AGGRESSIVE;
				CLANG_WARN_UNREACHABLE_CODE = YES;
				CLANG_WARN__DUPLICATE_METHOD_MATCH = YES;
				CODE_SIGN_IDENTITY = "iPhone Developer";
				COPY_PHASE_STRIP = NO;
				DEBUG_INFORMATION_FORMAT = dwarf;
				ENABLE_STRICT_OBJC_MSGSEND = YES;
				ENABLE_TESTABILITY = YES;
				GCC_C_LANGUAGE_STANDARD = gnu11;
				GCC_DYNAMIC_NO_PIC = NO;
				GCC_NO_COMMON_BLOCKS = YES;
				GCC_OPTIMIZATION_LEVEL = 0;
				GCC_PREPROCESSOR_DEFINITIONS = (
					"DEBUG=1",
					"$(inherited)",
				);
				GCC_WARN_64_TO_32_BIT_CONVERSION = YES;
				GCC_WARN_ABOUT_RETURN_TYPE = YES_ERROR;
				GCC_WARN_UNDECLARED_SELECTOR = YES;
				GCC_WARN_UNINITIALIZED_AUTOS = YES_AGGRESSIVE;
				GCC_WARN_UNUSED_FUNCTION = YES;
				GCC_WARN_UNUSED_VARIABLE = YES;
				IPHONEOS_DEPLOYMENT_TARGET = 11.0;
				MTL_ENABLE_DEBUG_INFO = INCLUDE_SOURCE;
				MTL_FAST_MATH = YES;
				ONLY_ACTIVE_ARCH = YES;
				SDKROOT = iphoneos;
				SWIFT_ACTIVE_COMPILATION_CONDITIONS = DEBUG;
				SWIFT_OPTIMIZATION_LEVEL = "-Onone";
			};
			name = Debug;
		};
		1EB1514F21FA1C18001B6110 /* Release */ = {
			isa = XCBuildConfiguration;
			buildSettings = {
				ALWAYS_SEARCH_USER_PATHS = NO;
				CLANG_ANALYZER_NONNULL = YES;
				CLANG_ANALYZER_NUMBER_OBJECT_CONVERSION = YES_AGGRESSIVE;
				CLANG_CXX_LANGUAGE_STANDARD = "gnu++14";
				CLANG_CXX_LIBRARY = "libc++";
				CLANG_ENABLE_MODULES = YES;
				CLANG_ENABLE_OBJC_ARC = YES;
				CLANG_ENABLE_OBJC_WEAK = YES;
				CLANG_WARN_BLOCK_CAPTURE_AUTORELEASING = YES;
				CLANG_WARN_BOOL_CONVERSION = YES;
				CLANG_WARN_COMMA = YES;
				CLANG_WARN_CONSTANT_CONVERSION = YES;
				CLANG_WARN_DEPRECATED_OBJC_IMPLEMENTATIONS = YES;
				CLANG_WARN_DIRECT_OBJC_ISA_USAGE = YES_ERROR;
				CLANG_WARN_DOCUMENTATION_COMMENTS = YES;
				CLANG_WARN_EMPTY_BODY = YES;
				CLANG_WARN_ENUM_CONVERSION = YES;
				CLANG_WARN_INFINITE_RECURSION = YES;
				CLANG_WARN_INT_CONVERSION = YES;
				CLANG_WARN_NON_LITERAL_NULL_CONVERSION = YES;
				CLANG_WARN_OBJC_IMPLICIT_RETAIN_SELF = YES;
				CLANG_WARN_OBJC_LITERAL_CONVERSION = YES;
				CLANG_WARN_OBJC_ROOT_CLASS = YES_ERROR;
				CLANG_WARN_RANGE_LOOP_ANALYSIS = YES;
				CLANG_WARN_STRICT_PROTOTYPES = YES;
				CLANG_WARN_SUSPICIOUS_MOVE = YES;
				CLANG_WARN_UNGUARDED_AVAILABILITY = YES_AGGRESSIVE;
				CLANG_WARN_UNREACHABLE_CODE = YES;
				CLANG_WARN__DUPLICATE_METHOD_MATCH = YES;
				CODE_SIGN_IDENTITY = "iPhone Developer";
				COPY_PHASE_STRIP = NO;
				DEBUG_INFORMATION_FORMAT = "dwarf-with-dsym";
				ENABLE_NS_ASSERTIONS = NO;
				ENABLE_STRICT_OBJC_MSGSEND = YES;
				GCC_C_LANGUAGE_STANDARD = gnu11;
				GCC_NO_COMMON_BLOCKS = YES;
				GCC_WARN_64_TO_32_BIT_CONVERSION = YES;
				GCC_WARN_ABOUT_RETURN_TYPE = YES_ERROR;
				GCC_WARN_UNDECLARED_SELECTOR = YES;
				GCC_WARN_UNINITIALIZED_AUTOS = YES_AGGRESSIVE;
				GCC_WARN_UNUSED_FUNCTION = YES;
				GCC_WARN_UNUSED_VARIABLE = YES;
				IPHONEOS_DEPLOYMENT_TARGET = 11.0;
				MTL_ENABLE_DEBUG_INFO = NO;
				MTL_FAST_MATH = YES;
				SDKROOT = iphoneos;
				SWIFT_COMPILATION_MODE = wholemodule;
				SWIFT_OPTIMIZATION_LEVEL = "-O";
				VALIDATE_PRODUCT = YES;
			};
			name = Release;
		};
		1EB1515121FA1C18001B6110 /* Debug */ = {
			isa = XCBuildConfiguration;
			baseConfigurationReference = 88B59514424F66B560248F03 /* Pods-ReeachA.debug.xcconfig */;
			buildSettings = {
				ASSETCATALOG_COMPILER_APPICON_NAME = AppIcon;
				CODE_SIGN_STYLE = Automatic;
				DEVELOPMENT_TEAM = U7MW83A3B2;
				INFOPLIST_FILE = ReeachA/Info.plist;
				LD_RUNPATH_SEARCH_PATHS = (
					"$(inherited)",
					"@executable_path/Frameworks",
				);
				PRODUCT_BUNDLE_IDENTIFIER = jp.osanai..ReeachA;
				PRODUCT_NAME = "$(TARGET_NAME)";
				SWIFT_VERSION = 4.2;
				TARGETED_DEVICE_FAMILY = "1,2";
			};
			name = Debug;
		};
		1EB1515221FA1C18001B6110 /* Release */ = {
			isa = XCBuildConfiguration;
			baseConfigurationReference = CFF42C61CB3355EA7AC15B1C /* Pods-ReeachA.release.xcconfig */;
			buildSettings = {
				ASSETCATALOG_COMPILER_APPICON_NAME = AppIcon;
				CODE_SIGN_STYLE = Automatic;
				DEVELOPMENT_TEAM = U7MW83A3B2;
				INFOPLIST_FILE = ReeachA/Info.plist;
				LD_RUNPATH_SEARCH_PATHS = (
					"$(inherited)",
					"@executable_path/Frameworks",
				);
				PRODUCT_BUNDLE_IDENTIFIER = jp.osanai..ReeachA;
				PRODUCT_NAME = "$(TARGET_NAME)";
				SWIFT_VERSION = 4.2;
				TARGETED_DEVICE_FAMILY = "1,2";
			};
			name = Release;
		};
/* End XCBuildConfiguration section */

/* Begin XCConfigurationList section */
		1EB1513921FA1C16001B6110 /* Build configuration list for PBXProject "ReeachA" */ = {
			isa = XCConfigurationList;
			buildConfigurations = (
				1EB1514E21FA1C18001B6110 /* Debug */,
				1EB1514F21FA1C18001B6110 /* Release */,
			);
			defaultConfigurationIsVisible = 0;
			defaultConfigurationName = Release;
		};
		1EB1515021FA1C18001B6110 /* Build configuration list for PBXNativeTarget "ReeachA" */ = {
			isa = XCConfigurationList;
			buildConfigurations = (
				1EB1515121FA1C18001B6110 /* Debug */,
				1EB1515221FA1C18001B6110 /* Release */,
			);
			defaultConfigurationIsVisible = 0;
			defaultConfigurationName = Release;
		};
/* End XCConfigurationList section */
	};
	rootObject = 1EB1513621FA1C16001B6110 /* Project object */;
}
